
Microsoft Visual Studio Solution File, Format Version 12.00
# Visual Studio Version 17
VisualStudioVersion = 17.8.0.0
MinimumVisualStudioVersion = 17.8.0.0
Project("{9A19103F-16F7-4668-BE54-9A1E7A4F7556}") = "ManagementApps.AppHost", "AppHost\ManagementApps.AppHost.csproj", "{4AE94520-B3EB-4B9D-BF95-9E9A0C8D7FE4}"
EndProject
Project("{9A19103F-16F7-4668-BE54-9A1E7A4F7556}") = "ManagementApps.ServiceDefaults", "ServiceDefaults\ManagementApps.ServiceDefaults.csproj", "{172844A7-DB10-431D-81DC-EEE4EDE8A6C6}"
EndProject
Project("{FAE04EC0-301F-11D3-BF4B-00C04F79EFBC}") = "BackendShared", "BackendShared\BackendShared.csproj", "{0F385004-05D2-4D5F-BB2A-7A930E326EAE}"
EndProject
Project("{FAE04EC0-301F-11D3-BF4B-00C04F79EFBC}") = "BackendShared.Analyzers", "BackendShared.Analyzers\BackendShared.Analyzers.csproj", "{F8AA0A2C-664B-4CCE-8762-F7CA6D6EE2CC}"
EndProject
Project("{FAE04EC0-301F-11D3-BF4B-00C04F79EFBC}") = "MessageRelay", "MessageRelay\MessageRelay.csproj", "{2F511966-F444-4E49-A0BD-4A32743D04E9}"
EndProject
Project("{FAE04EC0-301F-11D3-BF4B-00C04F79EFBC}") = "VoiceBridge", "VoiceBridge\VoiceBridge.csproj", "{961132BF-AEB7-48FC-9008-333F1567D34D}"
EndProject
Project("{FAE04EC0-301F-11D3-BF4B-00C04F79EFBC}") = "ContentService", "ContentService\ContentService.csproj", "{08A06F84-29DD-4EB9-A5AD-32612F8A73A0}"
EndProject
Project("{FAE04EC0-301F-11D3-BF4B-00C04F79EFBC}") = "ContentService.Tests.AppHost", "ContentService\tests\ContentService.Tests.AppHost\ContentService.Tests.AppHost.csproj", "{B723FA7D-FD63-4A98-8598-263F2D24309F}"
EndProject
Project("{FAE04EC0-301F-11D3-BF4B-00C04F79EFBC}") = "ContentService.Tests", "ContentService\tests\ContentService.Tests\ContentService.Tests.csproj", "{A50AEF01-0584-4567-B82F-3B7B41991E7D}"
EndProject
Project("{2150E333-8FDC-42A3-9474-1A3956D46DE8}") = "DotnetServices", "DotnetServices", "{96A83FF9-F834-860C-6B89-3F871EC19856}"
EndProject
Project("{2150E333-8FDC-42A3-9474-1A3956D46DE8}") = "tests", "tests", "{6CB5FA2C-EE44-EA77-3F4D-0EE62069EF03}"
EndProject
Project("{FAE04EC0-301F-11D3-BF4B-00C04F79EFBC}") = "VoiceBridge.Tests.AppHost", "VoiceBridge\tests\VoiceBridge.Tests.AppHost\VoiceBridge.Tests.AppHost.csproj", "{15107F25-3F8F-47BA-8F5B-806B81DCE05B}"
EndProject
Project("{FAE04EC0-301F-11D3-BF4B-00C04F79EFBC}") = "VoiceBridge.Tests", "VoiceBridge\tests\VoiceBridge.Tests\VoiceBridge.Tests.csproj", "{ABA2A9E9-9B95-4958-A0B3-2EDDD6923AC2}"
EndProject
Global
	GlobalSection(SolutionConfigurationPlatforms) = preSolution
		Debug|Any CPU = Debug|Any CPU
		Debug|x64 = Debug|x64
		Debug|x86 = Debug|x86
		Release|Any CPU = Release|Any CPU
		Release|x64 = Release|x64
		Release|x86 = Release|x86
	EndGlobalSection
	GlobalSection(ProjectConfigurationPlatforms) = postSolution
		{4AE94520-B3EB-4B9D-BF95-9E9A0C8D7FE4}.Debug|Any CPU.ActiveCfg = Debug|Any CPU
		{4AE94520-B3EB-4B9D-BF95-9E9A0C8D7FE4}.Debug|Any CPU.Build.0 = Debug|Any CPU
		{4AE94520-B3EB-4B9D-BF95-9E9A0C8D7FE4}.Debug|x64.ActiveCfg = Debug|Any CPU
		{4AE94520-B3EB-4B9D-BF95-9E9A0C8D7FE4}.Debug|x64.Build.0 = Debug|Any CPU
		{4AE94520-B3EB-4B9D-BF95-9E9A0C8D7FE4}.Debug|x86.ActiveCfg = Debug|Any CPU
		{4AE94520-B3EB-4B9D-BF95-9E9A0C8D7FE4}.Debug|x86.Build.0 = Debug|Any CPU
		{4AE94520-B3EB-4B9D-BF95-9E9A0C8D7FE4}.Release|Any CPU.ActiveCfg = Release|Any CPU
		{4AE94520-B3EB-4B9D-BF95-9E9A0C8D7FE4}.Release|Any CPU.Build.0 = Release|Any CPU
		{4AE94520-B3EB-4B9D-BF95-9E9A0C8D7FE4}.Release|x64.ActiveCfg = Release|Any CPU
		{4AE94520-B3EB-4B9D-BF95-9E9A0C8D7FE4}.Release|x64.Build.0 = Release|Any CPU
		{4AE94520-B3EB-4B9D-BF95-9E9A0C8D7FE4}.Release|x86.ActiveCfg = Release|Any CPU
		{4AE94520-B3EB-4B9D-BF95-9E9A0C8D7FE4}.Release|x86.Build.0 = Release|Any CPU
		{172844A7-DB10-431D-81DC-EEE4EDE8A6C6}.Debug|Any CPU.ActiveCfg = Debug|Any CPU
		{172844A7-DB10-431D-81DC-EEE4EDE8A6C6}.Debug|Any CPU.Build.0 = Debug|Any CPU
		{172844A7-DB10-431D-81DC-EEE4EDE8A6C6}.Debug|x64.ActiveCfg = Debug|Any CPU
		{172844A7-DB10-431D-81DC-EEE4EDE8A6C6}.Debug|x64.Build.0 = Debug|Any CPU
		{172844A7-DB10-431D-81DC-EEE4EDE8A6C6}.Debug|x86.ActiveCfg = Debug|Any CPU
		{172844A7-DB10-431D-81DC-EEE4EDE8A6C6}.Debug|x86.Build.0 = Debug|Any CPU
		{172844A7-DB10-431D-81DC-EEE4EDE8A6C6}.Release|Any CPU.ActiveCfg = Release|Any CPU
		{172844A7-DB10-431D-81DC-EEE4EDE8A6C6}.Release|Any CPU.Build.0 = Release|Any CPU
		{172844A7-DB10-431D-81DC-EEE4EDE8A6C6}.Release|x64.ActiveCfg = Release|Any CPU
		{172844A7-DB10-431D-81DC-EEE4EDE8A6C6}.Release|x64.Build.0 = Release|Any CPU
		{172844A7-DB10-431D-81DC-EEE4EDE8A6C6}.Release|x86.ActiveCfg = Release|Any CPU
		{172844A7-DB10-431D-81DC-EEE4EDE8A6C6}.Release|x86.Build.0 = Release|Any CPU
		{0F385004-05D2-4D5F-BB2A-7A930E326EAE}.Debug|Any CPU.ActiveCfg = Debug|Any CPU
		{0F385004-05D2-4D5F-BB2A-7A930E326EAE}.Debug|Any CPU.Build.0 = Debug|Any CPU
		{0F385004-05D2-4D5F-BB2A-7A930E326EAE}.Debug|x64.ActiveCfg = Debug|Any CPU
		{0F385004-05D2-4D5F-BB2A-7A930E326EAE}.Debug|x64.Build.0 = Debug|Any CPU
		{0F385004-05D2-4D5F-BB2A-7A930E326EAE}.Debug|x86.ActiveCfg = Debug|Any CPU
		{0F385004-05D2-4D5F-BB2A-7A930E326EAE}.Debug|x86.Build.0 = Debug|Any CPU
		{0F385004-05D2-4D5F-BB2A-7A930E326EAE}.Release|Any CPU.ActiveCfg = Release|Any CPU
		{0F385004-05D2-4D5F-BB2A-7A930E326EAE}.Release|Any CPU.Build.0 = Release|Any CPU
		{0F385004-05D2-4D5F-BB2A-7A930E326EAE}.Release|x64.ActiveCfg = Release|Any CPU
		{0F385004-05D2-4D5F-BB2A-7A930E326EAE}.Release|x64.Build.0 = Release|Any CPU
		{0F385004-05D2-4D5F-BB2A-7A930E326EAE}.Release|x86.ActiveCfg = Release|Any CPU
		{0F385004-05D2-4D5F-BB2A-7A930E326EAE}.Release|x86.Build.0 = Release|Any CPU
		{F8AA0A2C-664B-4CCE-8762-F7CA6D6EE2CC}.Debug|Any CPU.ActiveCfg = Debug|Any CPU
		{F8AA0A2C-664B-4CCE-8762-F7CA6D6EE2CC}.Debug|Any CPU.Build.0 = Debug|Any CPU
		{F8AA0A2C-664B-4CCE-8762-F7CA6D6EE2CC}.Debug|x64.ActiveCfg = Debug|Any CPU
		{F8AA0A2C-664B-4CCE-8762-F7CA6D6EE2CC}.Debug|x64.Build.0 = Debug|Any CPU
		{F8AA0A2C-664B-4CCE-8762-F7CA6D6EE2CC}.Debug|x86.ActiveCfg = Debug|Any CPU
		{F8AA0A2C-664B-4CCE-8762-F7CA6D6EE2CC}.Debug|x86.Build.0 = Debug|Any CPU
		{F8AA0A2C-664B-4CCE-8762-F7CA6D6EE2CC}.Release|Any CPU.ActiveCfg = Release|Any CPU
		{F8AA0A2C-664B-4CCE-8762-F7CA6D6EE2CC}.Release|Any CPU.Build.0 = Release|Any CPU
		{F8AA0A2C-664B-4CCE-8762-F7CA6D6EE2CC}.Release|x64.ActiveCfg = Release|Any CPU
		{F8AA0A2C-664B-4CCE-8762-F7CA6D6EE2CC}.Release|x64.Build.0 = Release|Any CPU
		{F8AA0A2C-664B-4CCE-8762-F7CA6D6EE2CC}.Release|x86.ActiveCfg = Release|Any CPU
		{F8AA0A2C-664B-4CCE-8762-F7CA6D6EE2CC}.Release|x86.Build.0 = Release|Any CPU
		{2F511966-F444-4E49-A0BD-4A32743D04E9}.Debug|Any CPU.ActiveCfg = Debug|Any CPU
		{2F511966-F444-4E49-A0BD-4A32743D04E9}.Debug|Any CPU.Build.0 = Debug|Any CPU
		{2F511966-F444-4E49-A0BD-4A32743D04E9}.Debug|x64.ActiveCfg = Debug|Any CPU
		{2F511966-F444-4E49-A0BD-4A32743D04E9}.Debug|x64.Build.0 = Debug|Any CPU
		{2F511966-F444-4E49-A0BD-4A32743D04E9}.Debug|x86.ActiveCfg = Debug|Any CPU
		{2F511966-F444-4E49-A0BD-4A32743D04E9}.Debug|x86.Build.0 = Debug|Any CPU
		{2F511966-F444-4E49-A0BD-4A32743D04E9}.Release|Any CPU.ActiveCfg = Release|Any CPU
		{2F511966-F444-4E49-A0BD-4A32743D04E9}.Release|Any CPU.Build.0 = Release|Any CPU
		{2F511966-F444-4E49-A0BD-4A32743D04E9}.Release|x64.ActiveCfg = Release|Any CPU
		{2F511966-F444-4E49-A0BD-4A32743D04E9}.Release|x64.Build.0 = Release|Any CPU
		{2F511966-F444-4E49-A0BD-4A32743D04E9}.Release|x86.ActiveCfg = Release|Any CPU
		{2F511966-F444-4E49-A0BD-4A32743D04E9}.Release|x86.Build.0 = Release|Any CPU
		{961132BF-AEB7-48FC-9008-333F1567D34D}.Debug|Any CPU.ActiveCfg = Debug|Any CPU
		{961132BF-AEB7-48FC-9008-333F1567D34D}.Debug|Any CPU.Build.0 = Debug|Any CPU
		{961132BF-AEB7-48FC-9008-333F1567D34D}.Debug|x64.ActiveCfg = Debug|Any CPU
		{961132BF-AEB7-48FC-9008-333F1567D34D}.Debug|x64.Build.0 = Debug|Any CPU
		{961132BF-AEB7-48FC-9008-333F1567D34D}.Debug|x86.ActiveCfg = Debug|Any CPU
		{961132BF-AEB7-48FC-9008-333F1567D34D}.Debug|x86.Build.0 = Debug|Any CPU
		{961132BF-AEB7-48FC-9008-333F1567D34D}.Release|Any CPU.ActiveCfg = Release|Any CPU
		{961132BF-AEB7-48FC-9008-333F1567D34D}.Release|Any CPU.Build.0 = Release|Any CPU
		{961132BF-AEB7-48FC-9008-333F1567D34D}.Release|x64.ActiveCfg = Release|Any CPU
		{961132BF-AEB7-48FC-9008-333F1567D34D}.Release|x64.Build.0 = Release|Any CPU
		{961132BF-AEB7-48FC-9008-333F1567D34D}.Release|x86.ActiveCfg = Release|Any CPU
		{961132BF-AEB7-48FC-9008-333F1567D34D}.Release|x86.Build.0 = Release|Any CPU
		{08A06F84-29DD-4EB9-A5AD-32612F8A73A0}.Debug|Any CPU.ActiveCfg = Debug|Any CPU
		{08A06F84-29DD-4EB9-A5AD-32612F8A73A0}.Debug|Any CPU.Build.0 = Debug|Any CPU
		{08A06F84-29DD-4EB9-A5AD-32612F8A73A0}.Debug|x64.ActiveCfg = Debug|Any CPU
		{08A06F84-29DD-4EB9-A5AD-32612F8A73A0}.Debug|x64.Build.0 = Debug|Any CPU
		{08A06F84-29DD-4EB9-A5AD-32612F8A73A0}.Debug|x86.ActiveCfg = Debug|Any CPU
		{08A06F84-29DD-4EB9-A5AD-32612F8A73A0}.Debug|x86.Build.0 = Debug|Any CPU
		{08A06F84-29DD-4EB9-A5AD-32612F8A73A0}.Release|Any CPU.ActiveCfg = Release|Any CPU
		{08A06F84-29DD-4EB9-A5AD-32612F8A73A0}.Release|Any CPU.Build.0 = Release|Any CPU
		{08A06F84-29DD-4EB9-A5AD-32612F8A73A0}.Release|x64.ActiveCfg = Release|Any CPU
		{08A06F84-29DD-4EB9-A5AD-32612F8A73A0}.Release|x64.Build.0 = Release|Any CPU
		{08A06F84-29DD-4EB9-A5AD-32612F8A73A0}.Release|x86.ActiveCfg = Release|Any CPU
		{08A06F84-29DD-4EB9-A5AD-32612F8A73A0}.Release|x86.Build.0 = Release|Any CPU
		{B723FA7D-FD63-4A98-8598-263F2D24309F}.Debug|Any CPU.ActiveCfg = Debug|Any CPU
		{B723FA7D-FD63-4A98-8598-263F2D24309F}.Debug|Any CPU.Build.0 = Debug|Any CPU
		{B723FA7D-FD63-4A98-8598-263F2D24309F}.Debug|x64.ActiveCfg = Debug|Any CPU
		{B723FA7D-FD63-4A98-8598-263F2D24309F}.Debug|x64.Build.0 = Debug|Any CPU
		{B723FA7D-FD63-4A98-8598-263F2D24309F}.Debug|x86.ActiveCfg = Debug|Any CPU
		{B723FA7D-FD63-4A98-8598-263F2D24309F}.Debug|x86.Build.0 = Debug|Any CPU
		{B723FA7D-FD63-4A98-8598-263F2D24309F}.Release|Any CPU.ActiveCfg = Release|Any CPU
		{B723FA7D-FD63-4A98-8598-263F2D24309F}.Release|Any CPU.Build.0 = Release|Any CPU
		{B723FA7D-FD63-4A98-8598-263F2D24309F}.Release|x64.ActiveCfg = Release|Any CPU
		{B723FA7D-FD63-4A98-8598-263F2D24309F}.Release|x64.Build.0 = Release|Any CPU
		{B723FA7D-FD63-4A98-8598-263F2D24309F}.Release|x86.ActiveCfg = Release|Any CPU
		{B723FA7D-FD63-4A98-8598-263F2D24309F}.Release|x86.Build.0 = Release|Any CPU
		{A50AEF01-0584-4567-B82F-3B7B41991E7D}.Debug|Any CPU.ActiveCfg = Debug|Any CPU
		{A50AEF01-0584-4567-B82F-3B7B41991E7D}.Debug|Any CPU.Build.0 = Debug|Any CPU
		{A50AEF01-0584-4567-B82F-3B7B41991E7D}.Debug|x64.ActiveCfg = Debug|Any CPU
		{A50AEF01-0584-4567-B82F-3B7B41991E7D}.Debug|x64.Build.0 = Debug|Any CPU
		{A50AEF01-0584-4567-B82F-3B7B41991E7D}.Debug|x86.ActiveCfg = Debug|Any CPU
		{A50AEF01-0584-4567-B82F-3B7B41991E7D}.Debug|x86.Build.0 = Debug|Any CPU
		{A50AEF01-0584-4567-B82F-3B7B41991E7D}.Release|Any CPU.ActiveCfg = Release|Any CPU
		{A50AEF01-0584-4567-B82F-3B7B41991E7D}.Release|Any CPU.Build.0 = Release|Any CPU
		{A50AEF01-0584-4567-B82F-3B7B41991E7D}.Release|x64.ActiveCfg = Release|Any CPU
		{A50AEF01-0584-4567-B82F-3B7B41991E7D}.Release|x64.Build.0 = Release|Any CPU
		{A50AEF01-0584-4567-B82F-3B7B41991E7D}.Release|x86.ActiveCfg = Release|Any CPU
		{A50AEF01-0584-4567-B82F-3B7B41991E7D}.Release|x86.Build.0 = Release|Any CPU
		{15107F25-3F8F-47BA-8F5B-806B81DCE05B}.Debug|Any CPU.ActiveCfg = Debug|Any CPU
		{15107F25-3F8F-47BA-8F5B-806B81DCE05B}.Debug|Any CPU.Build.0 = Debug|Any CPU
		{15107F25-3F8F-47BA-8F5B-806B81DCE05B}.Debug|x64.ActiveCfg = Debug|Any CPU
		{15107F25-3F8F-47BA-8F5B-806B81DCE05B}.Debug|x64.Build.0 = Debug|Any CPU
		{15107F25-3F8F-47BA-8F5B-806B81DCE05B}.Debug|x86.ActiveCfg = Debug|Any CPU
		{15107F25-3F8F-47BA-8F5B-806B81DCE05B}.Debug|x86.Build.0 = Debug|Any CPU
		{15107F25-3F8F-47BA-8F5B-806B81DCE05B}.Release|Any CPU.ActiveCfg = Release|Any CPU
		{15107F25-3F8F-47BA-8F5B-806B81DCE05B}.Release|Any CPU.Build.0 = Release|Any CPU
		{15107F25-3F8F-47BA-8F5B-806B81DCE05B}.Release|x64.ActiveCfg = Release|Any CPU
		{15107F25-3F8F-47BA-8F5B-806B81DCE05B}.Release|x64.Build.0 = Release|Any CPU
		{15107F25-3F8F-47BA-8F5B-806B81DCE05B}.Release|x86.ActiveCfg = Release|Any CPU
		{15107F25-3F8F-47BA-8F5B-806B81DCE05B}.Release|x86.Build.0 = Release|Any CPU
		{ABA2A9E9-9B95-4958-A0B3-2EDDD6923AC2}.Debug|Any CPU.ActiveCfg = Debug|Any CPU
		{ABA2A9E9-9B95-4958-A0B3-2EDDD6923AC2}.Debug|Any CPU.Build.0 = Debug|Any CPU
		{ABA2A9E9-9B95-4958-A0B3-2EDDD6923AC2}.Debug|x64.ActiveCfg = Debug|Any CPU
		{ABA2A9E9-9B95-4958-A0B3-2EDDD6923AC2}.Debug|x64.Build.0 = Debug|Any CPU
		{ABA2A9E9-9B95-4958-A0B3-2EDDD6923AC2}.Debug|x86.ActiveCfg = Debug|Any CPU
		{ABA2A9E9-9B95-4958-A0B3-2EDDD6923AC2}.Debug|x86.Build.0 = Debug|Any CPU
		{ABA2A9E9-9B95-4958-A0B3-2EDDD6923AC2}.Release|Any CPU.ActiveCfg = Release|Any CPU
		{ABA2A9E9-9B95-4958-A0B3-2EDDD6923AC2}.Release|Any CPU.Build.0 = Release|Any CPU
		{ABA2A9E9-9B95-4958-A0B3-2EDDD6923AC2}.Release|x64.ActiveCfg = Release|Any CPU
		{ABA2A9E9-9B95-4958-A0B3-2EDDD6923AC2}.Release|x64.Build.0 = Release|Any CPU
		{ABA2A9E9-9B95-4958-A0B3-2EDDD6923AC2}.Release|x86.ActiveCfg = Release|Any CPU
		{ABA2A9E9-9B95-4958-A0B3-2EDDD6923AC2}.Release|x86.Build.0 = Release|Any CPU
	EndGlobalSection
	GlobalSection(SolutionProperties) = preSolution
		HideSolutionNode = FALSE
	EndGlobalSection
	GlobalSection(NestedProjects) = preSolution
		{6CB5FA2C-EE44-EA77-3F4D-0EE62069EF03} = {96A83FF9-F834-860C-6B89-3F871EC19856}
		{15107F25-3F8F-47BA-8F5B-806B81DCE05B} = {6CB5FA2C-EE44-EA77-3F4D-0EE62069EF03}
		{ABA2A9E9-9B95-4958-A0B3-2EDDD6923AC2} = {6CB5FA2C-EE44-EA77-3F4D-0EE62069EF03}
	EndGlobalSection
	GlobalSection(ExtensibilityGlobals) = postSolution
		SolutionGuid = {CFFF6524-86DA-4966-AA75-2D01BC20B0B8}
	EndGlobalSection
EndGlobal
